// !$*UTF8*$!
{
	archiveVersion = 1;
	classes = {
	};
	objectVersion = 50;
	objects = {

/* Begin PBXBuildFile section */
		A089BE6D220A13AD000AF9D8 /* continents2.plist in Resources */ = {isa = PBXBuildFile; fileRef = A089BE6C220A13AD000AF9D8 /* continents2.plist */; };
		A089BE6F220A140B000AF9D8 /* ContinentDataModel.swift in Sources */ = {isa = PBXBuildFile; fileRef = A089BE6E220A140B000AF9D8 /* ContinentDataModel.swift */; };
		A089BE73220A1B2D000AF9D8 /* DetailTableViewController.swift in Sources */ = {isa = PBXBuildFile; fileRef = A089BE72220A1B2D000AF9D8 /* DetailTableViewController.swift */; };
		A0982C1C220A105B0085BC84 /* AppDelegate.swift in Sources */ = {isa = PBXBuildFile; fileRef = A0982C1B220A105B0085BC84 /* AppDelegate.swift */; };
		A0982C1E220A105B0085BC84 /* ViewController.swift in Sources */ = {isa = PBXBuildFile; fileRef = A0982C1D220A105B0085BC84 /* ViewController.swift */; };
		A0982C21220A105B0085BC84 /* Main.storyboard in Resources */ = {isa = PBXBuildFile; fileRef = A0982C1F220A105B0085BC84 /* Main.storyboard */; };
		A0982C23220A105F0085BC84 /* Assets.xcassets in Resources */ = {isa = PBXBuildFile; fileRef = A0982C22220A105F0085BC84 /* Assets.xcassets */; };
		A0982C26220A105F0085BC84 /* LaunchScreen.storyboard in Resources */ = {isa = PBXBuildFile; fileRef = A0982C24220A105F0085BC84 /* LaunchScreen.storyboard */; };
/* End PBXBuildFile section */

/* Begin PBXFileReference section */
		A089BE6C220A13AD000AF9D8 /* continents2.plist */ = {isa = PBXFileReference; fileEncoding = 4; lastKnownFileType = text.plist.xml; path = continents2.plist; sourceTree = "<group>"; };
		A089BE6E220A140B000AF9D8 /* ContinentDataModel.swift */ = {isa = PBXFileReference; lastKnownFileType = sourcecode.swift; path = ContinentDataModel.swift; sourceTree = "<group>"; };
		A089BE72220A1B2D000AF9D8 /* DetailTableViewController.swift */ = {isa = PBXFileReference; lastKnownFileType = sourcecode.swift; path = DetailTableViewController.swift; sourceTree = "<group>"; };
		A0982C18220A105B0085BC84 /* countries.app */ = {isa = PBXFileReference; explicitFileType = wrapper.application; includeInIndex = 0; path = countries.app; sourceTree = BUILT_PRODUCTS_DIR; };
		A0982C1B220A105B0085BC84 /* AppDelegate.swift */ = {isa = PBXFileReference; lastKnownFileType = sourcecode.swift; path = AppDelegate.swift; sourceTree = "<group>"; };
		A0982C1D220A105B0085BC84 /* ViewController.swift */ = {isa = PBXFileReference; lastKnownFileType = sourcecode.swift; path = ViewController.swift; sourceTree = "<group>"; };
		A0982C20220A105B0085BC84 /* Base */ = {isa = PBXFileReference; lastKnownFileType = file.storyboard; name = Base; path = Base.lproj/Main.storyboard; sourceTree = "<group>"; };
		A0982C22220A105F0085BC84 /* Assets.xcassets */ = {isa = PBXFileReference; lastKnownFileType = folder.assetcatalog; path = Assets.xcassets; sourceTree = "<group>"; };
		A0982C25220A105F0085BC84 /* Base */ = {isa = PBXFileReference; lastKnownFileType = file.storyboard; name = Base; path = Base.lproj/LaunchScreen.storyboard; sourceTree = "<group>"; };
		A0982C27220A10600085BC84 /* Info.plist */ = {isa = PBXFileReference; lastKnownFileType = text.plist.xml; path = Info.plist; sourceTree = "<group>"; };
/* End PBXFileReference section */

/* Begin PBXFrameworksBuildPhase section */
		A0982C15220A105B0085BC84 /* Frameworks */ = {
			isa = PBXFrameworksBuildPhase;
			buildActionMask = 2147483647;
			files = (
			);
			runOnlyForDeploymentPostprocessing = 0;
		};
/* End PBXFrameworksBuildPhase section */

/* Begin PBXGroup section */
		A0982C0F220A105A0085BC84 = {
			isa = PBXGroup;
			children = (
				A0982C1A220A105B0085BC84 /* countries */,
				A0982C19220A105B0085BC84 /* Products */,
			);
			sourceTree = "<group>";
		};
		A0982C19220A105B0085BC84 /* Products */ = {
			isa = PBXGroup;
			children = (
				A0982C18220A105B0085BC84 /* countries.app */,
			);
			name = Products;
			sourceTree = "<group>";
		};
		A0982C1A220A105B0085BC84 /* countries */ = {
			isa = PBXGroup;
			children = (
				A089BE72220A1B2D000AF9D8 /* DetailTableViewController.swift */,
				A0982C1B220A105B0085BC84 /* AppDelegate.swift */,
				A0982C1D220A105B0085BC84 /* ViewController.swift */,
				A0982C1F220A105B0085BC84 /* Main.storyboard */,
				A089BE6E220A140B000AF9D8 /* ContinentDataModel.swift */,
				A0982C22220A105F0085BC84 /* Assets.xcassets */,
				A0982C24220A105F0085BC84 /* LaunchScreen.storyboard */,
				A0982C27220A10600085BC84 /* Info.plist */,
				A089BE6C220A13AD000AF9D8 /* continents2.plist */,
			);
			path = countries;
			sourceTree = "<group>";
		};
/* End PBXGroup section */

/* Begin PBXNativeTarget section */
		A0982C17220A105B0085BC84 /* countries */ = {
			isa = PBXNativeTarget;
			buildConfigurationList = A0982C2A220A10600085BC84 /* Build configuration list for PBXNativeTarget "countries" */;
			buildPhases = (
				A0982C14220A105B0085BC84 /* Sources */,
				A0982C15220A105B0085BC84 /* Frameworks */,
				A0982C16220A105B0085BC84 /* Resources */,
			);
			buildRules = (
			);
			dependencies = (
			);
			name = countries;
			productName = countries;
			productReference = A0982C18220A105B0085BC84 /* countries.app */;
			productType = "com.apple.product-type.application";
		};
/* End PBXNativeTarget section */

/* Begin PBXProject section */
		A0982C10220A105A0085BC84 /* Project object */ = {
			isa = PBXProject;
			attributes = {
				LastSwiftUpdateCheck = 1010;
				LastUpgradeCheck = 1010;
				ORGANIZATIONNAME = "Lucas Dachman";
				TargetAttributes = {
					A0982C17220A105B0085BC84 = {
						CreatedOnToolsVersion = 10.1;
					};
				};
			};
			buildConfigurationList = A0982C13220A105B0085BC84 /* Build configuration list for PBXProject "countries" */;
			compatibilityVersion = "Xcode 9.3";
			developmentRegion = en;
			hasScannedForEncodings = 0;
			knownRegions = (
				en,
				Base,
			);
			mainGroup = A0982C0F220A105A0085BC84;
			productRefGroup = A0982C19220A105B0085BC84 /* Products */;
			projectDirPath = "";
			projectRoot = "";
			targets = (
				A0982C17220A105B0085BC84 /* countries */,
			);
		};
/* End PBXProject section */

/* Begin PBXResourcesBuildPhase section */
		A0982C16220A105B0085BC84 /* Resources */ = {
			isa = PBXResourcesBuildPhase;
			buildActionMask = 2147483647;
			files = (
				A0982C26220A105F0085BC84 /* LaunchScreen.storyboard in Resources */,
				A0982C23220A105F0085BC84 /* Assets.xcassets in Resources */,
				A089BE6D220A13AD000AF9D8 /* continents2.plist in Resources */,
				A0982C21220A105B0085BC84 /* Main.storyboard in Resources */,
			);
			runOnlyForDeploymentPostprocessing = 0;
		};
/* End PBXResourcesBuildPhase section */

/* Begin PBXSourcesBuildPhase section */
		A0982C14220A105B0085BC84 /* Sources */ = {
			isa = PBXSourcesBuildPhase;
			buildActionMask = 2147483647;
			files = (
				A089BE73220A1B2D000AF9D8 /* DetailTableViewController.swift in Sources */,
				A0982C1E220A105B0085BC84 /* ViewController.swift in Sources */,
				A089BE6F220A140B000AF9D8 /* ContinentDataModel.swift in Sources */,
				A0982C1C220A105B0085BC84 /* AppDelegate.swift in Sources */,
			);
			runOnlyForDeploymentPostprocessing = 0;
		};
/* End PBXSourcesBuildPhase section */

/* Begin PBXVariantGroup section */
		A0982C1F220A105B0085BC84 /* Main.storyboard */ = {
			isa = PBXVariantGroup;
			children = (
				A0982C20220A105B0085BC84 /* Base */,
			);
			name = Main.storyboard;
			sourceTree = "<group>";
		};
		A0982C24220A105F0085BC84 /* LaunchScreen.storyboard */ = {
			isa = PBXVariantGroup;
			children = (
				A0982C25220A105F0085BC84 /* Base */,
			);
			name = LaunchScreen.storyboard;
			sourceTree = "<group>";
		};
/* End PBXVariantGroup section */

/* Begin XCBuildConfiguration section */
		A0982C28220A10600085BC84 /* Debug */ = {
			isa = XCBuildConfiguration;
			buildSettings = {
				ALWAYS_SEARCH_USER_PATHS = NO;
				CLANG_ANALYZER_NONNULL = YES;
				CLANG_ANALYZER_NUMBER_OBJECT_CONVERSION = YES_AGGRESSIVE;
				CLANG_CXX_LANGUAGE_STANDARD = "gnu++14";
				CLANG_CXX_LIBRARY = "libc++";
				CLANG_ENABLE_MODULES = YES;
				CLANG_ENABLE_OBJC_ARC = YES;
				CLANG_ENABLE_OBJC_WEAK = YES;
				CLANG_WARN_BLOCK_CAPTURE_AUTORELEASING = YES;
				CLANG_WARN_BOOL_CONVERSION = YES;
				CLANG_WARN_COMMA = YES;
				CLANG_WARN_CONSTANT_CONVERSION = YES;
				CLANG_WARN_DEPRECATED_OBJC_IMPLEMENTATIONS = YES;
				CLANG_WARN_DIRECT_OBJC_ISA_USAGE = YES_ERROR;
				CLANG_WARN_DOCUMENTATION_COMMENTS = YES;
				CLANG_WARN_EMPTY_BODY = YES;
				CLANG_WARN_ENUM_CONVERSION = YES;
				CLANG_WARN_INFINITE_RECURSION = YES;
				CLANG_WARN_INT_CONVERSION = YES;
				CLANG_WARN_NON_LITERAL_NULL_CONVERSION = YES;
				CLANG_WARN_OBJC_IMPLICIT_RETAIN_SELF = YES;
				CLANG_WARN_OBJC_LITERAL_CONVERSION = YES;
				CLANG_WARN_OBJC_ROOT_CLASS = YES_ERROR;
				CLANG_WARN_RANGE_LOOP_ANALYSIS = YES;
				CLANG_WARN_STRICT_PROTOTYPES = YES;
				CLANG_WARN_SUSPICIOUS_MOVE = YES;
				CLANG_WARN_UNGUARDED_AVAILABILITY = YES_AGGRESSIVE;
				CLANG_WARN_UNREACHABLE_CODE = YES;
				CLANG_WARN__DUPLICATE_METHOD_MATCH = YES;
				CODE_SIGN_IDENTITY = "iPhone Developer";
				COPY_PHASE_STRIP = NO;
				DEBUG_INFORMATION_FORMAT = dwarf;
				ENABLE_STRICT_OBJC_MSGSEND = YES;
				ENABLE_TESTABILITY = YES;
				GCC_C_LANGUAGE_STANDARD = gnu11;
				GCC_DYNAMIC_NO_PIC = NO;
				GCC_NO_COMMON_BLOCKS = YES;
				GCC_OPTIMIZATION_LEVEL = 0;
				GCC_PREPROCESSOR_DEFINITIONS = (
					"DEBUG=1",
					"$(inherited)",
				);
				GCC_WARN_64_TO_32_BIT_CONVERSION = YES;
				GCC_WARN_ABOUT_RETURN_TYPE = YES_ERROR;
				GCC_WARN_UNDECLARED_SELECTOR = YES;
				GCC_WARN_UNINITIALIZED_AUTOS = YES_AGGRESSIVE;
				GCC_WARN_UNUSED_FUNCTION = YES;
				GCC_WARN_UNUSED_VARIABLE = YES;
				IPHONEOS_DEPLOYMENT_TARGET = 12.1;
				MTL_ENABLE_DEBUG_INFO = INCLUDE_SOURCE;
				MTL_FAST_MATH = YES;
				ONLY_ACTIVE_ARCH = YES;
				SDKROOT = iphoneos;
				SWIFT_ACTIVE_COMPILATION_CONDITIONS = DEBUG;
				SWIFT_OPTIMIZATION_LEVEL = "-Onone";
			};
			name = Debug;
		};
		A0982C29220A10600085BC84 /* Release */ = {
			isa = XCBuildConfiguration;
			buildSettings = {
				ALWAYS_SEARCH_USER_PATHS = NO;
				CLANG_ANALYZER_NONNULL = YES;
				CLANG_ANALYZER_NUMBER_OBJECT_CONVERSION = YES_AGGRESSIVE;
				CLANG_CXX_LANGUAGE_STANDARD = "gnu++14";
				CLANG_CXX_LIBRARY = "libc++";
				CLANG_ENABLE_MODULES = YES;
				CLANG_ENABLE_OBJC_ARC = YES;
				CLANG_ENABLE_OBJC_WEAK = YES;
				CLANG_WARN_BLOCK_CAPTURE_AUTORELEASING = YES;
				CLANG_WARN_BOOL_CONVERSION = YES;
				CLANG_WARN_COMMA = YES;
				CLANG_WARN_CONSTANT_CONVERSION = YES;
				CLANG_WARN_DEPRECATED_OBJC_IMPLEMENTATIONS = YES;
				CLANG_WARN_DIRECT_OBJC_ISA_USAGE = YES_ERROR;
				CLANG_WARN_DOCUMENTATION_COMMENTS = YES;
				CLANG_WARN_EMPTY_BODY = YES;
				CLANG_WARN_ENUM_CONVERSION = YES;
				CLANG_WARN_INFINITE_RECURSION = YES;
				CLANG_WARN_INT_CONVERSION = YES;
				CLANG_WARN_NON_LITERAL_NULL_CONVERSION = YES;
				CLANG_WARN_OBJC_IMPLICIT_RETAIN_SELF = YES;
				CLANG_WARN_OBJC_LITERAL_CONVERSION = YES;
				CLANG_WARN_OBJC_ROOT_CLASS = YES_ERROR;
				CLANG_WARN_RANGE_LOOP_ANALYSIS = YES;
				CLANG_WARN_STRICT_PROTOTYPES = YES;
				CLANG_WARN_SUSPICIOUS_MOVE = YES;
				CLANG_WARN_UNGUARDED_AVAILABILITY = YES_AGGRESSIVE;
				CLANG_WARN_UNREACHABLE_CODE = YES;
				CLANG_WARN__DUPLICATE_METHOD_MATCH = YES;
				CODE_SIGN_IDENTITY = "iPhone Developer";
				COPY_PHASE_STRIP = NO;
				DEBUG_INFORMATION_FORMAT = "dwarf-with-dsym";
				ENABLE_NS_ASSERTIONS = NO;
				ENABLE_STRICT_OBJC_MSGSEND = YES;
				GCC_C_LANGUAGE_STANDARD = gnu11;
				GCC_NO_COMMON_BLOCKS = YES;
				GCC_WARN_64_TO_32_BIT_CONVERSION = YES;
				GCC_WARN_ABOUT_RETURN_TYPE = YES_ERROR;
				GCC_WARN_UNDECLARED_SELECTOR = YES;
				GCC_WARN_UNINITIALIZED_AUTOS = YES_AGGRESSIVE;
				GCC_WARN_UNUSED_FUNCTION = YES;
				GCC_WARN_UNUSED_VARIABLE = YES;
				IPHONEOS_DEPLOYMENT_TARGET = 12.1;
				MTL_ENABLE_DEBUG_INFO = NO;
				MTL_FAST_MATH = YES;
				SDKROOT = iphoneos;
				SWIFT_COMPILATION_MODE = wholemodule;
				SWIFT_OPTIMIZATION_LEVEL = "-O";
				VALIDATE_PRODUCT = YES;
			};
			name = Release;
		};
		A0982C2B220A10600085BC84 /* Debug */ = {
			isa = XCBuildConfiguration;
			buildSettings = {
				ASSETCATALOG_COMPILER_APPICON_NAME = AppIcon;
				CODE_SIGN_STYLE = Automatic;
				DEVELOPMENT_TEAM = 6RXJRN8N5K;
				INFOPLIST_FILE = countries/Info.plist;
				LD_RUNPATH_SEARCH_PATHS = (
					"$(inherited)",
					"@executable_path/Frameworks",
				);
				PRODUCT_BUNDLE_IDENTIFIER = com.LucasDachman.countries;
				PRODUCT_NAME = "$(TARGET_NAME)";
				SWIFT_VERSION = 4.2;
				TARGETED_DEVICE_FAMILY = "1,2";
			};
			name = Debug;
		};
		A0982C2C220A10600085BC84 /* Release */ = {
			isa = XCBuildConfiguration;
			buildSettings = {
				ASSETCATALOG_COMPILER_APPICON_NAME = AppIcon;
				CODE_SIGN_STYLE = Automatic;
				DEVELOPMENT_TEAM = 6RXJRN8N5K;
				INFOPLIST_FILE = countries/Info.plist;
				LD_RUNPATH_SEARCH_PATHS = (
					"$(inherited)",
					"@executable_path/Frameworks",
				);
				PRODUCT_BUNDLE_IDENTIFIER = com.LucasDachman.countries;
				PRODUCT_NAME = "$(TARGET_NAME)";
				SWIFT_VERSION = 4.2;
				TARGETED_DEVICE_FAMILY = "1,2";
			};
			name = Release;
		};
/* End XCBuildConfiguration section */

/* Begin XCConfigurationList section */
		A0982C13220A105B0085BC84 /* Build configuration list for PBXProject "countries" */ = {
			isa = XCConfigurationList;
			buildConfigurations = (
				A0982C28220A10600085BC84 /* Debug */,
				A0982C29220A10600085BC84 /* Release */,
			);
			defaultConfigurationIsVisible = 0;
			defaultConfigurationName = Release;
		};
		A0982C2A220A10600085BC84 /* Build configuration list for PBXNativeTarget "countries" */ = {
			isa = XCConfigurationList;
			buildConfigurations = (
				A0982C2B220A10600085BC84 /* Debug */,
				A0982C2C220A10600085BC84 /* Release */,
			);
			defaultConfigurationIsVisible = 0;
			defaultConfigurationName = Release;
		};
/* End XCConfigurationList section */
	};
	rootObject = A0982C10220A105A0085BC84 /* Project object */;
}
